
Microsoft Visual Studio Solution File, Format Version 12.00
# Visual Studio Version 16
VisualStudioVersion = 16.0.28803.202
MinimumVisualStudioVersion = 10.0.40219.1
Project("{FAE04EC0-301F-11D3-BF4B-00C04F79EFBC}") = "MvcWebpackVue", "MvcWebpackVue\MvcWebpackVue.csproj", "{8F47BB64-2F41-4811-A4F3-F041550A733E}"
EndProject
Global
	GlobalSection(SolutionConfigurationPlatforms) = preSolution
		Debug|Any CPU = Debug|Any CPU
		Release|Any CPU = Release|Any CPU
	EndGlobalSection
	GlobalSection(ProjectConfigurationPlatforms) = postSolution
		{8F47BB64-2F41-4811-A4F3-F041550A733E}.Debug|Any CPU.ActiveCfg = Debug|Any CPU
		{8F47BB64-2F41-4811-A4F3-F041550A733E}.Debug|Any CPU.Build.0 = Debug|Any CPU
		{8F47BB64-2F41-4811-A4F3-F041550A733E}.Release|Any CPU.ActiveCfg = Release|Any CPU
		{8F47BB64-2F41-4811-A4F3-F041550A733E}.Release|Any CPU.Build.0 = Release|Any CPU
	EndGlobalSection
	GlobalSection(SolutionProperties) = preSolution
		HideSolutionNode = FALSE
	EndGlobalSection
	GlobalSection(ExtensibilityGlobals) = postSolution
		SolutionGuid = {14125890-A5D5-4424-877E-52E09D03ABDF}
	EndGlobalSection
EndGlobal
